
Microsoft Visual Studio Solution File, Format Version 12.00
# Visual Studio 15
VisualStudioVersion = 15.0.28010.2016
MinimumVisualStudioVersion = 10.0.40219.1
Project("{8BC9CEB8-8B4A-11D0-8D11-00A0C91BC942}") = "interpreter", "interpreter\interpreter.vcxproj", "{FDACCD7C-886A-46FF-8D9F-80303D5C7E2E}"
EndProject
Global
	GlobalSection(SolutionConfigurationPlatforms) = preSolution
		Debug|x64 = Debug|x64
		Debug|x86 = Debug|x86
		Release|x64 = Release|x64
		Release|x86 = Release|x86
	EndGlobalSection
	GlobalSection(ProjectConfigurationPlatforms) = postSolution
		{FDACCD7C-886A-46FF-8D9F-80303D5C7E2E}.Debug|x64.ActiveCfg = Debug|x64
		{FDACCD7C-886A-46FF-8D9F-80303D5C7E2E}.Debug|x64.Build.0 = Debug|x64
		{FDACCD7C-886A-46FF-8D9F-80303D5C7E2E}.Debug|x86.ActiveCfg = Debug|Win32
		{FDACCD7C-886A-46FF-8D9F-80303D5C7E2E}.Debug|x86.Build.0 = Debug|Win32
		{FDACCD7C-886A-46FF-8D9F-80303D5C7E2E}.Release|x64.ActiveCfg = Release|x64
		{FDACCD7C-886A-46FF-8D9F-80303D5C7E2E}.Release|x64.Build.0 = Release|x64
		{FDACCD7C-886A-46FF-8D9F-80303D5C7E2E}.Release|x86.ActiveCfg = Release|Win32
		{FDACCD7C-886A-46FF-8D9F-80303D5C7E2E}.Release|x86.Build.0 = Release|Win32
	EndGlobalSection
	GlobalSection(SolutionProperties) = preSolution
		HideSolutionNode = FALSE
	EndGlobalSection
	GlobalSection(ExtensibilityGlobals) = postSolution
		SolutionGuid = {FE707AC8-9B53-40D4-954F-C844E532DBC6}
	EndGlobalSection
EndGlobal
